{
  "name": "@ellbur/lp-svg-graph-drawing",
  "version": "1.0.0",
  "lockfileVersion": 2,
  "requires": true,
  "packages": {
    "": {
      "name": "@ellbur/lp-svg-graph-drawing",
      "version": "1.0.0",
      "license": "WTFPL (http://www.wtfpl.net)",
      "dependencies": {
        "@rescript/std": "10.0.1",
        "@ryyppy/rescript-promise": "2.1.0",
        "rescript-webapi": "0.6.1"
      },
      "devDependencies": {
        "rescript": "10.0.1"
      }
    },
    "node_modules/@rescript/std": {
      "version": "10.0.1",
      "resolved": "https://registry.npmjs.org/@rescript/std/-/std-10.0.1.tgz",
      "integrity": "sha512-cchIxAI/zVU2sITZgVWz/QOKSRDGEhGyzMTWfsZdgNf6QD9+S/CUVfS1lBqPaX9GaGy1FCWHAqGYwIIaVqAS4Q=="
    },
    "node_modules/@ryyppy/rescript-promise": {
      "version": "2.1.0",
      "resolved": "https://registry.npmjs.org/@ryyppy/rescript-promise/-/rescript-promise-2.1.0.tgz",
      "integrity": "sha512-+dW6msBrj2Lr2hbEMX+HoWCvN89qVjl94RwbYWJgHQuj8jm/izdPC0YzxgpGoEFdeAEW2sOozoLcYHxT6o5WXQ=="
    },
    "node_modules/rescript": {
      "version": "10.0.1",
      "resolved": "https://registry.npmjs.org/rescript/-/rescript-10.0.1.tgz",
      "integrity": "sha512-XwO1GPDtoEU4H03xQE5bp0/qtSVR6YLaJRPxWKrfFgKc+LI36ODOCie7o9UJfgzQdoMYkkZyiTGZ4N9OQEaiUw==",
      "dev": true,
      "hasInstallScript": true,
      "bin": {
        "bsc": "bsc",
        "bsrefmt": "bsrefmt",
        "bstracing": "lib/bstracing",
        "rescript": "rescript"
      }
    },
    "node_modules/rescript-webapi": {
      "version": "0.6.1",
      "resolved": "https://registry.npmjs.org/rescript-webapi/-/rescript-webapi-0.6.1.tgz",
      "integrity": "sha512-I/eeHOcsUfWbCf6u15zd+rKxMz9awSjjdRa8eFtl2X+HjDNs0mJxoC4uFFK9dIazYcmY2VpuK5TTpOPXvdkhDw=="
    }
  },
  "dependencies": {
    "@rescript/std": {
      "version": "10.0.1",
      "resolved": "https://registry.npmjs.org/@rescript/std/-/std-10.0.1.tgz",
      "integrity": "sha512-cchIxAI/zVU2sITZgVWz/QOKSRDGEhGyzMTWfsZdgNf6QD9+S/CUVfS1lBqPaX9GaGy1FCWHAqGYwIIaVqAS4Q=="
    },
    "@ryyppy/rescript-promise": {
      "version": "2.1.0",
      "resolved": "https://registry.npmjs.org/@ryyppy/rescript-promise/-/rescript-promise-2.1.0.tgz",
      "integrity": "sha512-+dW6msBrj2Lr2hbEMX+HoWCvN89qVjl94RwbYWJgHQuj8jm/izdPC0YzxgpGoEFdeAEW2sOozoLcYHxT6o5WXQ=="
    },
    "rescript": {
      "version": "10.0.1",
      "resolved": "https://registry.npmjs.org/rescript/-/rescript-10.0.1.tgz",
      "integrity": "sha512-XwO1GPDtoEU4H03xQE5bp0/qtSVR6YLaJRPxWKrfFgKc+LI36ODOCie7o9UJfgzQdoMYkkZyiTGZ4N9OQEaiUw==",
      "dev": true
    },
    "rescript-webapi": {
      "version": "0.6.1",
      "resolved": "https://registry.npmjs.org/rescript-webapi/-/rescript-webapi-0.6.1.tgz",
      "integrity": "sha512-I/eeHOcsUfWbCf6u15zd+rKxMz9awSjjdRa8eFtl2X+HjDNs0mJxoC4uFFK9dIazYcmY2VpuK5TTpOPXvdkhDw=="
    }
  }
}
